
Microsoft Visual Studio Solution File, Format Version 12.00
# Visual Studio Version 17
VisualStudioVersion = 17.1.32421.90
MinimumVisualStudioVersion = 10.0.40219.1
Project("{FAE04EC0-301F-11D3-BF4B-00C04F79EFBC}") = "BurgerKingOrderProcess.MicroService", "BurgerKingOrderProcess.MicroService\BurgerKingOrderProcess.MicroService.csproj", "{4A9D0321-BA06-4A0B-891D-1FC082162FEA}"
EndProject
Global
	GlobalSection(SolutionConfigurationPlatforms) = preSolution
		Debug|Any CPU = Debug|Any CPU
		Release|Any CPU = Release|Any CPU
	EndGlobalSection
	GlobalSection(ProjectConfigurationPlatforms) = postSolution
		{4A9D0321-BA06-4A0B-891D-1FC082162FEA}.Debug|Any CPU.ActiveCfg = Debug|Any CPU
		{4A9D0321-BA06-4A0B-891D-1FC082162FEA}.Debug|Any CPU.Build.0 = Debug|Any CPU
		{4A9D0321-BA06-4A0B-891D-1FC082162FEA}.Release|Any CPU.ActiveCfg = Release|Any CPU
		{4A9D0321-BA06-4A0B-891D-1FC082162FEA}.Release|Any CPU.Build.0 = Release|Any CPU
	EndGlobalSection
	GlobalSection(SolutionProperties) = preSolution
		HideSolutionNode = FALSE
	EndGlobalSection
	GlobalSection(ExtensibilityGlobals) = postSolution
		SolutionGuid = {273DA847-10CB-4A7B-90B7-5A589890AABC}
	EndGlobalSection
EndGlobal
