
Microsoft Visual Studio Solution File, Format Version 12.00
# Visual Studio Version 17
VisualStudioVersion = 17.1.32421.90
MinimumVisualStudioVersion = 10.0.40219.1
Project("{9A19103F-16F7-4668-BE54-9A1E7A4F7556}") = "BurgerKingOrder.MicroService", "BurgerKingOrder.MicroService\BurgerKingOrder.MicroService.csproj", "{BE0BC29B-6CBA-4945-903C-F51711298A54}"
EndProject
Global
	GlobalSection(SolutionConfigurationPlatforms) = preSolution
		Debug|Any CPU = Debug|Any CPU
		Release|Any CPU = Release|Any CPU
	EndGlobalSection
	GlobalSection(ProjectConfigurationPlatforms) = postSolution
		{BE0BC29B-6CBA-4945-903C-F51711298A54}.Debug|Any CPU.ActiveCfg = Debug|Any CPU
		{BE0BC29B-6CBA-4945-903C-F51711298A54}.Debug|Any CPU.Build.0 = Debug|Any CPU
		{BE0BC29B-6CBA-4945-903C-F51711298A54}.Release|Any CPU.ActiveCfg = Release|Any CPU
		{BE0BC29B-6CBA-4945-903C-F51711298A54}.Release|Any CPU.Build.0 = Release|Any CPU
	EndGlobalSection
	GlobalSection(SolutionProperties) = preSolution
		HideSolutionNode = FALSE
	EndGlobalSection
	GlobalSection(ExtensibilityGlobals) = postSolution
		SolutionGuid = {BEA48F33-621E-46E2-8E5D-524BE808800E}
	EndGlobalSection
EndGlobal
